
Microsoft Visual Studio Solution File, Format Version 12.00
# Visual Studio Version 17
VisualStudioVersion = 17.8.34525.116
MinimumVisualStudioVersion = 10.0.40219.1
Project("{9A19103F-16F7-4668-BE54-9A1E7A4F7556}") = "PeerReviewWebsite-CS499-2", "PeerReviewWebsite-CS499-2\PeerReviewWebsite-CS499-2.csproj", "{E7433D10-91A0-4405-8F89-A2F7D5D0F503}"
EndProject
Global
	GlobalSection(SolutionConfigurationPlatforms) = preSolution
		Debug|Any CPU = Debug|Any CPU
		Release|Any CPU = Release|Any CPU
	EndGlobalSection
	GlobalSection(ProjectConfigurationPlatforms) = postSolution
		{E7433D10-91A0-4405-8F89-A2F7D5D0F503}.Debug|Any CPU.ActiveCfg = Debug|Any CPU
		{E7433D10-91A0-4405-8F89-A2F7D5D0F503}.Debug|Any CPU.Build.0 = Debug|Any CPU
		{E7433D10-91A0-4405-8F89-A2F7D5D0F503}.Release|Any CPU.ActiveCfg = Release|Any CPU
		{E7433D10-91A0-4405-8F89-A2F7D5D0F503}.Release|Any CPU.Build.0 = Release|Any CPU
	EndGlobalSection
	GlobalSection(SolutionProperties) = preSolution
		HideSolutionNode = FALSE
	EndGlobalSection
	GlobalSection(ExtensibilityGlobals) = postSolution
		SolutionGuid = {73103233-34B7-43B2-B204-C6AB946DC0D0}
	EndGlobalSection
EndGlobal
